
Microsoft Visual Studio Solution File, Format Version 11.00
# Visual Studio 2010
Project("{FAE04EC0-301F-11D3-BF4B-00C04F79EFBC}") = "GReader", "GReader\GReader.csproj", "{40543ea1-c29c-4de9-964b-2bd429f04110}"
EndProject
Global
	GlobalSection(SolutionConfigurationPlatforms) = preSolution
		Debug|Any CPU = Debug|Any CPU
		Release|Any CPU = Release|Any CPU
	EndGlobalSection
	GlobalSection(ProjectConfigurationPlatforms) = postSolution
		{40543EA1-C29C-4DE9-964B-2BD429F04110}.Debug|Any CPU.ActiveCfg = Debug|Any CPU
		{40543EA1-C29C-4DE9-964B-2BD429F04110}.Debug|Any CPU.Build.0 = Debug|Any CPU
		{40543EA1-C29C-4DE9-964B-2BD429F04110}.Debug|Any CPU.Deploy.0 = Debug|Any CPU
		{40543EA1-C29C-4DE9-964B-2BD429F04110}.Release|Any CPU.ActiveCfg = Release|Any CPU
		{40543EA1-C29C-4DE9-964B-2BD429F04110}.Release|Any CPU.Build.0 = Release|Any CPU
		{40543EA1-C29C-4DE9-964B-2BD429F04110}.Release|Any CPU.Deploy.0 = Release|Any CPU
	EndGlobalSection
EndGlobal
